
Microsoft Visual Studio Solution File, Format Version 12.00
# Visual Studio 15
VisualStudioVersion = 15.0.27130.2010
MinimumVisualStudioVersion = 10.0.40219.1
Project("{FAE04EC0-301F-11D3-BF4B-00C04F79EFBC}") = "CMSCore", "CMSCore\CMSCore.csproj", "{354CFC0B-D2DB-4163-99CB-7D400A2E95E1}"
EndProject
Project("{FAE04EC0-301F-11D3-BF4B-00C04F79EFBC}") = "CMSCore.Infrastructure", "CMSCore.Infrastructure\CMSCore.Infrastructure.csproj", "{885BF962-7B16-4CCD-B9A2-B3C7A0C26BEE}"
EndProject
Project("{FAE04EC0-301F-11D3-BF4B-00C04F79EFBC}") = "CMSCore.Utilities", "CMSCore.Utilities\CMSCore.Utilities.csproj", "{AB1F2F30-DC6C-4E5C-8024-44720568FC74}"
EndProject
Project("{FAE04EC0-301F-11D3-BF4B-00C04F79EFBC}") = "CMSCore.Data", "CMSCore.Data\CMSCore.Data.csproj", "{5DAB1FFE-2778-4873-8FA5-508F9988C584}"
EndProject
Project("{FAE04EC0-301F-11D3-BF4B-00C04F79EFBC}") = "CMSCore.Data.EF", "CMSCore.Data.EF\CMSCore.Data.EF.csproj", "{43E5DCA4-AFF7-4073-9884-77EADB34BE72}"
EndProject
Project("{FAE04EC0-301F-11D3-BF4B-00C04F79EFBC}") = "CMSCore.Application", "CMSCore.Application\CMSCore.Application.csproj", "{3249DD11-C3F4-4910-8CA4-9198D0F87C59}"
EndProject
Project("{2150E333-8FDC-42A3-9474-1A3956D46DE8}") = "1 - Presentation", "1 - Presentation", "{7A3CF87C-570E-4B28-B2D2-3BD344BAE4F9}"
EndProject
Project("{2150E333-8FDC-42A3-9474-1A3956D46DE8}") = "2 - Application", "2 - Application", "{0F32D8BA-D8F3-4EF9-A661-E407478FCE41}"
EndProject
Project("{2150E333-8FDC-42A3-9474-1A3956D46DE8}") = "3 - Domain", "3 - Domain", "{9C6A8BAC-44E0-4ECB-B266-61477DC8162E}"
EndProject
Project("{2150E333-8FDC-42A3-9474-1A3956D46DE8}") = "4 - Infrastructure", "4 - Infrastructure", "{B68E0AF3-FCD0-4502-982E-D23A4D20A73D}"
EndProject
Global
	GlobalSection(SolutionConfigurationPlatforms) = preSolution
		Debug|Any CPU = Debug|Any CPU
		Release|Any CPU = Release|Any CPU
	EndGlobalSection
	GlobalSection(ProjectConfigurationPlatforms) = postSolution
		{354CFC0B-D2DB-4163-99CB-7D400A2E95E1}.Debug|Any CPU.ActiveCfg = Debug|Any CPU
		{354CFC0B-D2DB-4163-99CB-7D400A2E95E1}.Debug|Any CPU.Build.0 = Debug|Any CPU
		{354CFC0B-D2DB-4163-99CB-7D400A2E95E1}.Release|Any CPU.ActiveCfg = Release|Any CPU
		{354CFC0B-D2DB-4163-99CB-7D400A2E95E1}.Release|Any CPU.Build.0 = Release|Any CPU
		{885BF962-7B16-4CCD-B9A2-B3C7A0C26BEE}.Debug|Any CPU.ActiveCfg = Debug|Any CPU
		{885BF962-7B16-4CCD-B9A2-B3C7A0C26BEE}.Debug|Any CPU.Build.0 = Debug|Any CPU
		{885BF962-7B16-4CCD-B9A2-B3C7A0C26BEE}.Release|Any CPU.ActiveCfg = Release|Any CPU
		{885BF962-7B16-4CCD-B9A2-B3C7A0C26BEE}.Release|Any CPU.Build.0 = Release|Any CPU
		{AB1F2F30-DC6C-4E5C-8024-44720568FC74}.Debug|Any CPU.ActiveCfg = Debug|Any CPU
		{AB1F2F30-DC6C-4E5C-8024-44720568FC74}.Debug|Any CPU.Build.0 = Debug|Any CPU
		{AB1F2F30-DC6C-4E5C-8024-44720568FC74}.Release|Any CPU.ActiveCfg = Release|Any CPU
		{AB1F2F30-DC6C-4E5C-8024-44720568FC74}.Release|Any CPU.Build.0 = Release|Any CPU
		{5DAB1FFE-2778-4873-8FA5-508F9988C584}.Debug|Any CPU.ActiveCfg = Debug|Any CPU
		{5DAB1FFE-2778-4873-8FA5-508F9988C584}.Debug|Any CPU.Build.0 = Debug|Any CPU
		{5DAB1FFE-2778-4873-8FA5-508F9988C584}.Release|Any CPU.ActiveCfg = Release|Any CPU
		{5DAB1FFE-2778-4873-8FA5-508F9988C584}.Release|Any CPU.Build.0 = Release|Any CPU
		{43E5DCA4-AFF7-4073-9884-77EADB34BE72}.Debug|Any CPU.ActiveCfg = Debug|Any CPU
		{43E5DCA4-AFF7-4073-9884-77EADB34BE72}.Debug|Any CPU.Build.0 = Debug|Any CPU
		{43E5DCA4-AFF7-4073-9884-77EADB34BE72}.Release|Any CPU.ActiveCfg = Release|Any CPU
		{43E5DCA4-AFF7-4073-9884-77EADB34BE72}.Release|Any CPU.Build.0 = Release|Any CPU
		{3249DD11-C3F4-4910-8CA4-9198D0F87C59}.Debug|Any CPU.ActiveCfg = Debug|Any CPU
		{3249DD11-C3F4-4910-8CA4-9198D0F87C59}.Debug|Any CPU.Build.0 = Debug|Any CPU
		{3249DD11-C3F4-4910-8CA4-9198D0F87C59}.Release|Any CPU.ActiveCfg = Release|Any CPU
		{3249DD11-C3F4-4910-8CA4-9198D0F87C59}.Release|Any CPU.Build.0 = Release|Any CPU
	EndGlobalSection
	GlobalSection(SolutionProperties) = preSolution
		HideSolutionNode = FALSE
	EndGlobalSection
	GlobalSection(NestedProjects) = preSolution
		{354CFC0B-D2DB-4163-99CB-7D400A2E95E1} = {7A3CF87C-570E-4B28-B2D2-3BD344BAE4F9}
		{885BF962-7B16-4CCD-B9A2-B3C7A0C26BEE} = {B68E0AF3-FCD0-4502-982E-D23A4D20A73D}
		{AB1F2F30-DC6C-4E5C-8024-44720568FC74} = {B68E0AF3-FCD0-4502-982E-D23A4D20A73D}
		{5DAB1FFE-2778-4873-8FA5-508F9988C584} = {9C6A8BAC-44E0-4ECB-B266-61477DC8162E}
		{43E5DCA4-AFF7-4073-9884-77EADB34BE72} = {9C6A8BAC-44E0-4ECB-B266-61477DC8162E}
		{3249DD11-C3F4-4910-8CA4-9198D0F87C59} = {0F32D8BA-D8F3-4EF9-A661-E407478FCE41}
	EndGlobalSection
	GlobalSection(ExtensibilityGlobals) = postSolution
		SolutionGuid = {DD319335-FABA-4EF0-B63B-BADBB99FCE23}
	EndGlobalSection
EndGlobal
